// !$*UTF8*$!
{
	archiveVersion = 1;
	classes = {
	};
	objectVersion = 46;
	objects = {

/* Begin PBXBuildFile section */
		4957FC8E1E829FB2007EB9C0 /* AppDelegate.swift in Sources */ = {isa = PBXBuildFile; fileRef = 4957FC8D1E829FB2007EB9C0 /* AppDelegate.swift */; };
		4957FC901E829FB2007EB9C0 /* ViewController.swift in Sources */ = {isa = PBXBuildFile; fileRef = 4957FC8F1E829FB2007EB9C0 /* ViewController.swift */; };
		4957FC931E829FB2007EB9C0 /* Main.storyboard in Resources */ = {isa = PBXBuildFile; fileRef = 4957FC911E829FB2007EB9C0 /* Main.storyboard */; };
		4957FC951E829FB2007EB9C0 /* Assets.xcassets in Resources */ = {isa = PBXBuildFile; fileRef = 4957FC941E829FB2007EB9C0 /* Assets.xcassets */; };
		4957FC981E829FB2007EB9C0 /* LaunchScreen.storyboard in Resources */ = {isa = PBXBuildFile; fileRef = 4957FC961E829FB2007EB9C0 /* LaunchScreen.storyboard */; };
		5ACB530535E8579FEFDFB9A0 /* Pods_Rebase.framework in Frameworks */ = {isa = PBXBuildFile; fileRef = 2E169C5EBA1DCA5005E53BE0 /* Pods_Rebase.framework */; };
/* End PBXBuildFile section */

/* Begin PBXFileReference section */
		2E169C5EBA1DCA5005E53BE0 /* Pods_Rebase.framework */ = {isa = PBXFileReference; explicitFileType = wrapper.framework; includeInIndex = 0; path = Pods_Rebase.framework; sourceTree = BUILT_PRODUCTS_DIR; };
		4957FC8A1E829FB2007EB9C0 /* Rebase.app */ = {isa = PBXFileReference; explicitFileType = wrapper.application; includeInIndex = 0; path = Rebase.app; sourceTree = BUILT_PRODUCTS_DIR; };
		4957FC8D1E829FB2007EB9C0 /* AppDelegate.swift */ = {isa = PBXFileReference; lastKnownFileType = sourcecode.swift; path = AppDelegate.swift; sourceTree = "<group>"; };
		4957FC8F1E829FB2007EB9C0 /* ViewController.swift */ = {isa = PBXFileReference; lastKnownFileType = sourcecode.swift; path = ViewController.swift; sourceTree = "<group>"; };
		4957FC921E829FB2007EB9C0 /* Base */ = {isa = PBXFileReference; lastKnownFileType = file.storyboard; name = Base; path = Base.lproj/Main.storyboard; sourceTree = "<group>"; };
		4957FC941E829FB2007EB9C0 /* Assets.xcassets */ = {isa = PBXFileReference; lastKnownFileType = folder.assetcatalog; path = Assets.xcassets; sourceTree = "<group>"; };
		4957FC971E829FB2007EB9C0 /* Base */ = {isa = PBXFileReference; lastKnownFileType = file.storyboard; name = Base; path = Base.lproj/LaunchScreen.storyboard; sourceTree = "<group>"; };
		4957FC991E829FB2007EB9C0 /* Info.plist */ = {isa = PBXFileReference; lastKnownFileType = text.plist.xml; path = Info.plist; sourceTree = "<group>"; };
		518BCCD3C6E6E26563B01C6A /* Pods-Rebase.debug.xcconfig */ = {isa = PBXFileReference; includeInIndex = 1; lastKnownFileType = text.xcconfig; name = "Pods-Rebase.debug.xcconfig"; path = "Pods/Target Support Files/Pods-Rebase/Pods-Rebase.debug.xcconfig"; sourceTree = "<group>"; };
		EB04BBCB295D29FED2626F4C /* Pods-Rebase.release.xcconfig */ = {isa = PBXFileReference; includeInIndex = 1; lastKnownFileType = text.xcconfig; name = "Pods-Rebase.release.xcconfig"; path = "Pods/Target Support Files/Pods-Rebase/Pods-Rebase.release.xcconfig"; sourceTree = "<group>"; };
/* End PBXFileReference section */

/* Begin PBXFrameworksBuildPhase section */
		4957FC871E829FB2007EB9C0 /* Frameworks */ = {
			isa = PBXFrameworksBuildPhase;
			buildActionMask = 2147483647;
			files = (
				5ACB530535E8579FEFDFB9A0 /* Pods_Rebase.framework in Frameworks */,
			);
			runOnlyForDeploymentPostprocessing = 0;
		};
/* End PBXFrameworksBuildPhase section */

/* Begin PBXGroup section */
		0498FD7291BBDBC092B21AA0 /* Frameworks */ = {
			isa = PBXGroup;
			children = (
				2E169C5EBA1DCA5005E53BE0 /* Pods_Rebase.framework */,
			);
			name = Frameworks;
			sourceTree = "<group>";
		};
		3210429721F14C225D2288EB /* Pods */ = {
			isa = PBXGroup;
			children = (
				518BCCD3C6E6E26563B01C6A /* Pods-Rebase.debug.xcconfig */,
				EB04BBCB295D29FED2626F4C /* Pods-Rebase.release.xcconfig */,
			);
			name = Pods;
			sourceTree = "<group>";
		};
		4957FC811E829FB2007EB9C0 = {
			isa = PBXGroup;
			children = (
				4957FC8C1E829FB2007EB9C0 /* Rebase */,
				4957FC8B1E829FB2007EB9C0 /* Products */,
				3210429721F14C225D2288EB /* Pods */,
				0498FD7291BBDBC092B21AA0 /* Frameworks */,
			);
			sourceTree = "<group>";
		};
		4957FC8B1E829FB2007EB9C0 /* Products */ = {
			isa = PBXGroup;
			children = (
				4957FC8A1E829FB2007EB9C0 /* Rebase.app */,
			);
			name = Products;
			sourceTree = "<group>";
		};
		4957FC8C1E829FB2007EB9C0 /* Rebase */ = {
			isa = PBXGroup;
			children = (
				4957FC8D1E829FB2007EB9C0 /* AppDelegate.swift */,
				4957FC8F1E829FB2007EB9C0 /* ViewController.swift */,
				4957FC911E829FB2007EB9C0 /* Main.storyboard */,
				4957FC941E829FB2007EB9C0 /* Assets.xcassets */,
				4957FC961E829FB2007EB9C0 /* LaunchScreen.storyboard */,
				4957FC991E829FB2007EB9C0 /* Info.plist */,
			);
			path = Rebase;
			sourceTree = "<group>";
		};
/* End PBXGroup section */

/* Begin PBXNativeTarget section */
		4957FC891E829FB2007EB9C0 /* Rebase */ = {
			isa = PBXNativeTarget;
			buildConfigurationList = 4957FC9C1E829FB2007EB9C0 /* Build configuration list for PBXNativeTarget "Rebase" */;
			buildPhases = (
				2D20D0BAF59CA58A819AB0E6 /* [CP] Check Pods Manifest.lock */,
				4957FC861E829FB2007EB9C0 /* Sources */,
				4957FC871E829FB2007EB9C0 /* Frameworks */,
				4957FC881E829FB2007EB9C0 /* Resources */,
				0B7F91CBCB9A070DE4432FA9 /* [CP] Embed Pods Frameworks */,
				C85D3C6DC53346209225AEF0 /* [CP] Copy Pods Resources */,
			);
			buildRules = (
			);
			dependencies = (
			);
			name = Rebase;
			productName = Rebase;
			productReference = 4957FC8A1E829FB2007EB9C0 /* Rebase.app */;
			productType = "com.apple.product-type.application";
		};
/* End PBXNativeTarget section */

/* Begin PBXProject section */
		4957FC821E829FB2007EB9C0 /* Project object */ = {
			isa = PBXProject;
			attributes = {
				LastSwiftUpdateCheck = 0820;
				LastUpgradeCheck = 0820;
				ORGANIZATIONNAME = "Ramesh Ramesh";
				TargetAttributes = {
					4957FC891E829FB2007EB9C0 = {
						CreatedOnToolsVersion = 8.2.1;
						ProvisioningStyle = Automatic;
					};
				};
			};
			buildConfigurationList = 4957FC851E829FB2007EB9C0 /* Build configuration list for PBXProject "Rebase" */;
			compatibilityVersion = "Xcode 3.2";
			developmentRegion = English;
			hasScannedForEncodings = 0;
			knownRegions = (
				en,
				Base,
			);
			mainGroup = 4957FC811E829FB2007EB9C0;
			productRefGroup = 4957FC8B1E829FB2007EB9C0 /* Products */;
			projectDirPath = "";
			projectRoot = "";
			targets = (
				4957FC891E829FB2007EB9C0 /* Rebase */,
			);
		};
/* End PBXProject section */

/* Begin PBXResourcesBuildPhase section */
		4957FC881E829FB2007EB9C0 /* Resources */ = {
			isa = PBXResourcesBuildPhase;
			buildActionMask = 2147483647;
			files = (
				4957FC981E829FB2007EB9C0 /* LaunchScreen.storyboard in Resources */,
				4957FC951E829FB2007EB9C0 /* Assets.xcassets in Resources */,
				4957FC931E829FB2007EB9C0 /* Main.storyboard in Resources */,
			);
			runOnlyForDeploymentPostprocessing = 0;
		};
/* End PBXResourcesBuildPhase section */

/* Begin PBXShellScriptBuildPhase section */
		0B7F91CBCB9A070DE4432FA9 /* [CP] Embed Pods Frameworks */ = {
			isa = PBXShellScriptBuildPhase;
			buildActionMask = 2147483647;
			files = (
			);
			inputPaths = (
			);
			name = "[CP] Embed Pods Frameworks";
			outputPaths = (
			);
			runOnlyForDeploymentPostprocessing = 0;
			shellPath = /bin/sh;
			shellScript = "\"${SRCROOT}/Pods/Target Support Files/Pods-Rebase/Pods-Rebase-frameworks.sh\"\n";
			showEnvVarsInLog = 0;
		};
		2D20D0BAF59CA58A819AB0E6 /* [CP] Check Pods Manifest.lock */ = {
			isa = PBXShellScriptBuildPhase;
			buildActionMask = 2147483647;
			files = (
			);
			inputPaths = (
			);
			name = "[CP] Check Pods Manifest.lock";
			outputPaths = (
			);
			runOnlyForDeploymentPostprocessing = 0;
			shellPath = /bin/sh;
			shellScript = "diff \"${PODS_ROOT}/../Podfile.lock\" \"${PODS_ROOT}/Manifest.lock\" > /dev/null\nif [ $? != 0 ] ; then\n    # print error to STDERR\n    echo \"error: The sandbox is not in sync with the Podfile.lock. Run 'pod install' or update your CocoaPods installation.\" >&2\n    exit 1\nfi\n";
			showEnvVarsInLog = 0;
		};
		C85D3C6DC53346209225AEF0 /* [CP] Copy Pods Resources */ = {
			isa = PBXShellScriptBuildPhase;
			buildActionMask = 2147483647;
			files = (
			);
			inputPaths = (
			);
			name = "[CP] Copy Pods Resources";
			outputPaths = (
			);
			runOnlyForDeploymentPostprocessing = 0;
			shellPath = /bin/sh;
			shellScript = "\"${SRCROOT}/Pods/Target Support Files/Pods-Rebase/Pods-Rebase-resources.sh\"\n";
			showEnvVarsInLog = 0;
		};
/* End PBXShellScriptBuildPhase section */

/* Begin PBXSourcesBuildPhase section */
		4957FC861E829FB2007EB9C0 /* Sources */ = {
			isa = PBXSourcesBuildPhase;
			buildActionMask = 2147483647;
			files = (
				4957FC901E829FB2007EB9C0 /* ViewController.swift in Sources */,
				4957FC8E1E829FB2007EB9C0 /* AppDelegate.swift in Sources */,
			);
			runOnlyForDeploymentPostprocessing = 0;
		};
/* End PBXSourcesBuildPhase section */

/* Begin PBXVariantGroup section */
		4957FC911E829FB2007EB9C0 /* Main.storyboard */ = {
			isa = PBXVariantGroup;
			children = (
				4957FC921E829FB2007EB9C0 /* Base */,
			);
			name = Main.storyboard;
			sourceTree = "<group>";
		};
		4957FC961E829FB2007EB9C0 /* LaunchScreen.storyboard */ = {
			isa = PBXVariantGroup;
			children = (
				4957FC971E829FB2007EB9C0 /* Base */,
			);
			name = LaunchScreen.storyboard;
			sourceTree = "<group>";
		};
/* End PBXVariantGroup section */

/* Begin XCBuildConfiguration section */
		4957FC9A1E829FB2007EB9C0 /* Debug */ = {
			isa = XCBuildConfiguration;
			buildSettings = {
				ALWAYS_SEARCH_USER_PATHS = NO;
				CLANG_ANALYZER_NONNULL = YES;
				CLANG_CXX_LANGUAGE_STANDARD = "gnu++0x";
				CLANG_CXX_LIBRARY = "libc++";
				CLANG_ENABLE_MODULES = YES;
				CLANG_ENABLE_OBJC_ARC = YES;
				CLANG_WARN_BOOL_CONVERSION = YES;
				CLANG_WARN_CONSTANT_CONVERSION = YES;
				CLANG_WARN_DIRECT_OBJC_ISA_USAGE = YES_ERROR;
				CLANG_WARN_DOCUMENTATION_COMMENTS = YES;
				CLANG_WARN_EMPTY_BODY = YES;
				CLANG_WARN_ENUM_CONVERSION = YES;
				CLANG_WARN_INFINITE_RECURSION = YES;
				CLANG_WARN_INT_CONVERSION = YES;
				CLANG_WARN_OBJC_ROOT_CLASS = YES_ERROR;
				CLANG_WARN_SUSPICIOUS_MOVE = YES;
				CLANG_WARN_UNREACHABLE_CODE = YES;
				CLANG_WARN__DUPLICATE_METHOD_MATCH = YES;
				"CODE_SIGN_IDENTITY[sdk=iphoneos*]" = "iPhone Developer";
				COPY_PHASE_STRIP = NO;
				DEBUG_INFORMATION_FORMAT = dwarf;
				ENABLE_STRICT_OBJC_MSGSEND = YES;
				ENABLE_TESTABILITY = YES;
				GCC_C_LANGUAGE_STANDARD = gnu99;
				GCC_DYNAMIC_NO_PIC = NO;
				GCC_NO_COMMON_BLOCKS = YES;
				GCC_OPTIMIZATION_LEVEL = 0;
				GCC_PREPROCESSOR_DEFINITIONS = (
					"DEBUG=1",
					"$(inherited)",
				);
				GCC_WARN_64_TO_32_BIT_CONVERSION = YES;
				GCC_WARN_ABOUT_RETURN_TYPE = YES_ERROR;
				GCC_WARN_UNDECLARED_SELECTOR = YES;
				GCC_WARN_UNINITIALIZED_AUTOS = YES_AGGRESSIVE;
				GCC_WARN_UNUSED_FUNCTION = YES;
				GCC_WARN_UNUSED_VARIABLE = YES;
				IPHONEOS_DEPLOYMENT_TARGET = 10.2;
				MTL_ENABLE_DEBUG_INFO = YES;
				ONLY_ACTIVE_ARCH = YES;
				SDKROOT = iphoneos;
				SWIFT_ACTIVE_COMPILATION_CONDITIONS = DEBUG;
				SWIFT_OPTIMIZATION_LEVEL = "-Onone";
				TARGETED_DEVICE_FAMILY = "1,2";
			};
			name = Debug;
		};
		4957FC9B1E829FB2007EB9C0 /* Release */ = {
			isa = XCBuildConfiguration;
			buildSettings = {
				ALWAYS_SEARCH_USER_PATHS = NO;
				CLANG_ANALYZER_NONNULL = YES;
				CLANG_CXX_LANGUAGE_STANDARD = "gnu++0x";
				CLANG_CXX_LIBRARY = "libc++";
				CLANG_ENABLE_MODULES = YES;
				CLANG_ENABLE_OBJC_ARC = YES;
				CLANG_WARN_BOOL_CONVERSION = YES;
				CLANG_WARN_CONSTANT_CONVERSION = YES;
				CLANG_WARN_DIRECT_OBJC_ISA_USAGE = YES_ERROR;
				CLANG_WARN_DOCUMENTATION_COMMENTS = YES;
				CLANG_WARN_EMPTY_BODY = YES;
				CLANG_WARN_ENUM_CONVERSION = YES;
				CLANG_WARN_INFINITE_RECURSION = YES;
				CLANG_WARN_INT_CONVERSION = YES;
				CLANG_WARN_OBJC_ROOT_CLASS = YES_ERROR;
				CLANG_WARN_SUSPICIOUS_MOVE = YES;
				CLANG_WARN_UNREACHABLE_CODE = YES;
				CLANG_WARN__DUPLICATE_METHOD_MATCH = YES;
				"CODE_SIGN_IDENTITY[sdk=iphoneos*]" = "iPhone Developer";
				COPY_PHASE_STRIP = NO;
				DEBUG_INFORMATION_FORMAT = "dwarf-with-dsym";
				ENABLE_NS_ASSERTIONS = NO;
				ENABLE_STRICT_OBJC_MSGSEND = YES;
				GCC_C_LANGUAGE_STANDARD = gnu99;
				GCC_NO_COMMON_BLOCKS = YES;
				GCC_WARN_64_TO_32_BIT_CONVERSION = YES;
				GCC_WARN_ABOUT_RETURN_TYPE = YES_ERROR;
				GCC_WARN_UNDECLARED_SELECTOR = YES;
				GCC_WARN_UNINITIALIZED_AUTOS = YES_AGGRESSIVE;
				GCC_WARN_UNUSED_FUNCTION = YES;
				GCC_WARN_UNUSED_VARIABLE = YES;
				IPHONEOS_DEPLOYMENT_TARGET = 10.2;
				MTL_ENABLE_DEBUG_INFO = NO;
				SDKROOT = iphoneos;
				SWIFT_OPTIMIZATION_LEVEL = "-Owholemodule";
				TARGETED_DEVICE_FAMILY = "1,2";
				VALIDATE_PRODUCT = YES;
			};
			name = Release;
		};
		4957FC9D1E829FB2007EB9C0 /* Debug */ = {
			isa = XCBuildConfiguration;
			baseConfigurationReference = 518BCCD3C6E6E26563B01C6A /* Pods-Rebase.debug.xcconfig */;
			buildSettings = {
				ASSETCATALOG_COMPILER_APPICON_NAME = AppIcon;
				INFOPLIST_FILE = Rebase/Info.plist;
				LD_RUNPATH_SEARCH_PATHS = "$(inherited) @executable_path/Frameworks";
				PRODUCT_BUNDLE_IDENTIFIER = com.sapient.in.Rebase;
				PRODUCT_NAME = "$(TARGET_NAME)";
				SWIFT_VERSION = 3.0;
			};
			name = Debug;
		};
		4957FC9E1E829FB2007EB9C0 /* Release */ = {
			isa = XCBuildConfiguration;
			baseConfigurationReference = EB04BBCB295D29FED2626F4C /* Pods-Rebase.release.xcconfig */;
			buildSettings = {
				ASSETCATALOG_COMPILER_APPICON_NAME = AppIcon;
				INFOPLIST_FILE = Rebase/Info.plist;
				LD_RUNPATH_SEARCH_PATHS = "$(inherited) @executable_path/Frameworks";
				PRODUCT_BUNDLE_IDENTIFIER = com.sapient.in.Rebase;
				PRODUCT_NAME = "$(TARGET_NAME)";
				SWIFT_VERSION = 3.0;
			};
			name = Release;
		};
/* End XCBuildConfiguration section */

/* Begin XCConfigurationList section */
		4957FC851E829FB2007EB9C0 /* Build configuration list for PBXProject "Rebase" */ = {
			isa = XCConfigurationList;
			buildConfigurations = (
				4957FC9A1E829FB2007EB9C0 /* Debug */,
				4957FC9B1E829FB2007EB9C0 /* Release */,
			);
			defaultConfigurationIsVisible = 0;
			defaultConfigurationName = Release;
		};
		4957FC9C1E829FB2007EB9C0 /* Build configuration list for PBXNativeTarget "Rebase" */ = {
			isa = XCConfigurationList;
			buildConfigurations = (
				4957FC9D1E829FB2007EB9C0 /* Debug */,
				4957FC9E1E829FB2007EB9C0 /* Release */,
			);
			defaultConfigurationIsVisible = 0;
			defaultConfigurationName = Release;
		};
/* End XCConfigurationList section */
	};
	rootObject = 4957FC821E829FB2007EB9C0 /* Project object */;
}
